
Microsoft Visual Studio Solution File, Format Version 12.00
# Visual Studio Version 16
VisualStudioVersion = 16.0.30011.22
MinimumVisualStudioVersion = 10.0.40219.1
Project("{FAE04EC0-301F-11D3-BF4B-00C04F79EFBC}") = "UserMaintenance", "UserMaintenance\UserMaintenance.csproj", "{6BCD003F-C83D-4139-B69B-CF6E2BB710DA}"
EndProject
Global
	GlobalSection(SolutionConfigurationPlatforms) = preSolution
		Debug|Any CPU = Debug|Any CPU
		Release|Any CPU = Release|Any CPU
	EndGlobalSection
	GlobalSection(ProjectConfigurationPlatforms) = postSolution
		{6BCD003F-C83D-4139-B69B-CF6E2BB710DA}.Debug|Any CPU.ActiveCfg = Debug|Any CPU
		{6BCD003F-C83D-4139-B69B-CF6E2BB710DA}.Debug|Any CPU.Build.0 = Debug|Any CPU
		{6BCD003F-C83D-4139-B69B-CF6E2BB710DA}.Release|Any CPU.ActiveCfg = Release|Any CPU
		{6BCD003F-C83D-4139-B69B-CF6E2BB710DA}.Release|Any CPU.Build.0 = Release|Any CPU
	EndGlobalSection
	GlobalSection(SolutionProperties) = preSolution
		HideSolutionNode = FALSE
	EndGlobalSection
	GlobalSection(ExtensibilityGlobals) = postSolution
		SolutionGuid = {A3722793-D85E-4B2C-B2E6-36B90ECC1653}
	EndGlobalSection
EndGlobal
